
Microsoft Visual Studio Solution File, Format Version 12.00
# Visual Studio Version 17
VisualStudioVersion = 17.5.33530.505
MinimumVisualStudioVersion = 10.0.40219.1
Project("{FAE04EC0-301F-11D3-BF4B-00C04F79EFBC}") = "SUARweb", "SUARweb.csproj", "{7BD36686-08EE-46EA-9B76-C129E20BD255}"
EndProject
Global
	GlobalSection(SolutionConfigurationPlatforms) = preSolution
		Debug|Any CPU = Debug|Any CPU
		Release|Any CPU = Release|Any CPU
	EndGlobalSection
	GlobalSection(ProjectConfigurationPlatforms) = postSolution
		{7BD36686-08EE-46EA-9B76-C129E20BD255}.Debug|Any CPU.ActiveCfg = Debug|Any CPU
		{7BD36686-08EE-46EA-9B76-C129E20BD255}.Debug|Any CPU.Build.0 = Debug|Any CPU
		{7BD36686-08EE-46EA-9B76-C129E20BD255}.Release|Any CPU.ActiveCfg = Release|Any CPU
		{7BD36686-08EE-46EA-9B76-C129E20BD255}.Release|Any CPU.Build.0 = Release|Any CPU
	EndGlobalSection
	GlobalSection(SolutionProperties) = preSolution
		HideSolutionNode = FALSE
	EndGlobalSection
	GlobalSection(ExtensibilityGlobals) = postSolution
		SolutionGuid = {52DC5D5E-0BCA-47DA-A1A5-EE856FE4DEAD}
	EndGlobalSection
EndGlobal
